github.com/tuxikus/isthere v0.0.0-20250907200355-7d0c0a20b16a h1:3pDsOIcx5XxgvZXimXkZxZy/IqT9fGkl6JHy0ENEskw=
github.com/tuxikus/isthere v0.0.0-20250907200355-7d0c0a20b16a/go.mod h1:jYMtPmxoU+Vff8H1KkbaR2s1nmdVA5pvskDSee1tdtg=
github.com/tuxikus/isthere v0.0.0-20250907201118-95bf59dac6e0 h1:V/Y3JWbVuWqKlaC7aVW+bdbLpp+gBFLBqYRD38EOOyk=
github.com/tuxikus/isthere v0.0.0-20250907201118-95bf59dac6e0/go.mod h1:jYMtPmxoU+Vff8H1KkbaR2s1nmdVA5pvskDSee1tdtg=
